
Microsoft Visual Studio Solution File, Format Version 12.00
# Visual Studio Version 16
VisualStudioVersion = 16.0.30011.22
MinimumVisualStudioVersion = 10.0.40219.1
Project("{2150E333-8FDC-42A3-9474-1A3956D46DE8}") = "Services", "Services", "{634E47BA-8440-4E01-9898-8E55F17937AC}"
EndProject
Project("{2150E333-8FDC-42A3-9474-1A3956D46DE8}") = "Tests", "Tests", "{648C14D7-BFF9-43B8-A120-A481FE9DBC8A}"
EndProject
Project("{FAE04EC0-301F-11D3-BF4B-00C04F79EFBC}") = "NC.MicroService.EntityFrameworkCore", "NC.MicroService.EntityFrameworkCore\NC.MicroService.EntityFrameworkCore.csproj", "{0CCAB98E-FCBB-4922-A15F-CC67857B078F}"
EndProject
Project("{FAE04EC0-301F-11D3-BF4B-00C04F79EFBC}") = "NC.MicroService.TeamService", "NC.MicroService.TeamService\NC.MicroService.TeamService.csproj", "{D1A47A5C-A0CE-4DF8-950A-580BB79B2E30}"
EndProject
Global
	GlobalSection(SolutionConfigurationPlatforms) = preSolution
		Debug|Any CPU = Debug|Any CPU
		Release|Any CPU = Release|Any CPU
	EndGlobalSection
	GlobalSection(ProjectConfigurationPlatforms) = postSolution
		{0CCAB98E-FCBB-4922-A15F-CC67857B078F}.Debug|Any CPU.ActiveCfg = Debug|Any CPU
		{0CCAB98E-FCBB-4922-A15F-CC67857B078F}.Debug|Any CPU.Build.0 = Debug|Any CPU
		{0CCAB98E-FCBB-4922-A15F-CC67857B078F}.Release|Any CPU.ActiveCfg = Release|Any CPU
		{0CCAB98E-FCBB-4922-A15F-CC67857B078F}.Release|Any CPU.Build.0 = Release|Any CPU
		{D1A47A5C-A0CE-4DF8-950A-580BB79B2E30}.Debug|Any CPU.ActiveCfg = Debug|Any CPU
		{D1A47A5C-A0CE-4DF8-950A-580BB79B2E30}.Debug|Any CPU.Build.0 = Debug|Any CPU
		{D1A47A5C-A0CE-4DF8-950A-580BB79B2E30}.Release|Any CPU.ActiveCfg = Release|Any CPU
		{D1A47A5C-A0CE-4DF8-950A-580BB79B2E30}.Release|Any CPU.Build.0 = Release|Any CPU
	EndGlobalSection
	GlobalSection(SolutionProperties) = preSolution
		HideSolutionNode = FALSE
	EndGlobalSection
	GlobalSection(NestedProjects) = preSolution
		{0CCAB98E-FCBB-4922-A15F-CC67857B078F} = {634E47BA-8440-4E01-9898-8E55F17937AC}
		{D1A47A5C-A0CE-4DF8-950A-580BB79B2E30} = {634E47BA-8440-4E01-9898-8E55F17937AC}
	EndGlobalSection
	GlobalSection(ExtensibilityGlobals) = postSolution
		SolutionGuid = {44774889-98AB-4174-BE3A-75A6AA229337}
	EndGlobalSection
EndGlobal
