
Microsoft Visual Studio Solution File, Format Version 12.00
# Visual Studio Version 16
VisualStudioVersion = 16.0.30011.22
MinimumVisualStudioVersion = 10.0.40219.1
Project("{2150E333-8FDC-42A3-9474-1A3956D46DE8}") = "Services", "Services", "{634E47BA-8440-4E01-9898-8E55F17937AC}"
EndProject
Project("{2150E333-8FDC-42A3-9474-1A3956D46DE8}") = "Tests", "Tests", "{648C14D7-BFF9-43B8-A120-A481FE9DBC8A}"
EndProject
Project("{9A19103F-16F7-4668-BE54-9A1E7A4F7556}") = "NC.MicroService.EntityFrameworkCore", "NC.MicroService.EntityFrameworkCore\NC.MicroService.EntityFrameworkCore.csproj", "{0CCAB98E-FCBB-4922-A15F-CC67857B078F}"
EndProject
Project("{9A19103F-16F7-4668-BE54-9A1E7A4F7556}") = "NC.MicroService.TeamService", "NC.MicroService.TeamService\NC.MicroService.TeamService.csproj", "{D1A47A5C-A0CE-4DF8-950A-580BB79B2E30}"
EndProject
Project("{9A19103F-16F7-4668-BE54-9A1E7A4F7556}") = "NC.MicroService.Infrastructure", "NC.MicroService.Infrastructure\NC.MicroService.Infrastructure.csproj", "{A08F6347-E954-4BD8-9FDB-D1EDA5295EE2}"
EndProject
Project("{9A19103F-16F7-4668-BE54-9A1E7A4F7556}") = "NC.MicroService.MemberService", "NC.MicroService.MemberService\NC.MicroService.MemberService.csproj", "{C9044D9B-8666-42A1-930B-BB7F6CB97BC1}"
EndProject
Project("{9A19103F-16F7-4668-BE54-9A1E7A4F7556}") = "NC.MicroService.AggregateService", "NC.MicroService.AggregateService\NC.MicroService.AggregateService.csproj", "{E51B6994-4AC8-4522-9BD2-E789A5D84D07}"
EndProject
Project("{9A19103F-16F7-4668-BE54-9A1E7A4F7556}") = "NC.MicroService.Gateway", "NC.MicroService.Gateway\NC.MicroService.Gateway.csproj", "{4287E49C-8673-4723-9279-501B2E52EDF7}"
EndProject
Project("{9A19103F-16F7-4668-BE54-9A1E7A4F7556}") = "NC.MicroService.IdentityServer4", "NC.MicroService.IdentityServer4\NC.MicroService.IdentityServer4.csproj", "{4C62154E-C4E7-4580-96B3-2D14C8902CDB}"
EndProject
Project("{9A19103F-16F7-4668-BE54-9A1E7A4F7556}") = "NC.MicroService.IdentityClient", "NC.MicroService.IdentityClient\NC.MicroService.IdentityClient.csproj", "{01904B74-F3A9-4CB1-80A2-F8E24F5520FE}"
EndProject
Project("{2150E333-8FDC-42A3-9474-1A3956D46DE8}") = "Omega", "Omega", "{70B829FE-990A-4639-A227-87AA8986F3FB}"
EndProject
Project("{9A19103F-16F7-4668-BE54-9A1E7A4F7556}") = "Servicecomb.Saga.Omega.Abstractions", "Omega\src\Servicecomb.Saga.Omega.Abstractions\Servicecomb.Saga.Omega.Abstractions.csproj", "{1436540B-3EDD-40E1-8325-1D5E07505900}"
EndProject
Project("{9A19103F-16F7-4668-BE54-9A1E7A4F7556}") = "Servicecomb.Saga.Omega.Core", "Omega\src\Servicecomb.Saga.Omega.Core\Servicecomb.Saga.Omega.Core.csproj", "{46DEF1AE-C3BE-4023-83D2-16C1C46AA9E0}"
EndProject
Project("{9A19103F-16F7-4668-BE54-9A1E7A4F7556}") = "Servicecomb.Saga.Omega.AspNetCore", "Omega\src\Servicecomb.Saga.Omega.AspNetCore\Servicecomb.Saga.Omega.AspNetCore.csproj", "{843C35B5-A918-44CE-B90E-71A276A7F98A}"
EndProject
Project("{9A19103F-16F7-4668-BE54-9A1E7A4F7556}") = "Servicecomb.Saga.Omega.Protocol", "Omega\src\Servicecomb.Saga.Omega.Protocol\Servicecomb.Saga.Omega.Protocol.csproj", "{0DFAE5AF-F49F-4004-BB7A-BA79D5588539}"
EndProject
Global
	GlobalSection(SolutionConfigurationPlatforms) = preSolution
		Debug|Any CPU = Debug|Any CPU
		Release|Any CPU = Release|Any CPU
	EndGlobalSection
	GlobalSection(ProjectConfigurationPlatforms) = postSolution
		{0CCAB98E-FCBB-4922-A15F-CC67857B078F}.Debug|Any CPU.ActiveCfg = Debug|Any CPU
		{0CCAB98E-FCBB-4922-A15F-CC67857B078F}.Debug|Any CPU.Build.0 = Debug|Any CPU
		{0CCAB98E-FCBB-4922-A15F-CC67857B078F}.Release|Any CPU.ActiveCfg = Release|Any CPU
		{0CCAB98E-FCBB-4922-A15F-CC67857B078F}.Release|Any CPU.Build.0 = Release|Any CPU
		{D1A47A5C-A0CE-4DF8-950A-580BB79B2E30}.Debug|Any CPU.ActiveCfg = Debug|Any CPU
		{D1A47A5C-A0CE-4DF8-950A-580BB79B2E30}.Debug|Any CPU.Build.0 = Debug|Any CPU
		{D1A47A5C-A0CE-4DF8-950A-580BB79B2E30}.Release|Any CPU.ActiveCfg = Release|Any CPU
		{D1A47A5C-A0CE-4DF8-950A-580BB79B2E30}.Release|Any CPU.Build.0 = Release|Any CPU
		{A08F6347-E954-4BD8-9FDB-D1EDA5295EE2}.Debug|Any CPU.ActiveCfg = Debug|Any CPU
		{A08F6347-E954-4BD8-9FDB-D1EDA5295EE2}.Debug|Any CPU.Build.0 = Debug|Any CPU
		{A08F6347-E954-4BD8-9FDB-D1EDA5295EE2}.Release|Any CPU.ActiveCfg = Release|Any CPU
		{A08F6347-E954-4BD8-9FDB-D1EDA5295EE2}.Release|Any CPU.Build.0 = Release|Any CPU
		{C9044D9B-8666-42A1-930B-BB7F6CB97BC1}.Debug|Any CPU.ActiveCfg = Debug|Any CPU
		{C9044D9B-8666-42A1-930B-BB7F6CB97BC1}.Debug|Any CPU.Build.0 = Debug|Any CPU
		{C9044D9B-8666-42A1-930B-BB7F6CB97BC1}.Release|Any CPU.ActiveCfg = Release|Any CPU
		{C9044D9B-8666-42A1-930B-BB7F6CB97BC1}.Release|Any CPU.Build.0 = Release|Any CPU
		{E51B6994-4AC8-4522-9BD2-E789A5D84D07}.Debug|Any CPU.ActiveCfg = Debug|Any CPU
		{E51B6994-4AC8-4522-9BD2-E789A5D84D07}.Debug|Any CPU.Build.0 = Debug|Any CPU
		{E51B6994-4AC8-4522-9BD2-E789A5D84D07}.Release|Any CPU.ActiveCfg = Release|Any CPU
		{E51B6994-4AC8-4522-9BD2-E789A5D84D07}.Release|Any CPU.Build.0 = Release|Any CPU
		{4287E49C-8673-4723-9279-501B2E52EDF7}.Debug|Any CPU.ActiveCfg = Debug|Any CPU
		{4287E49C-8673-4723-9279-501B2E52EDF7}.Debug|Any CPU.Build.0 = Debug|Any CPU
		{4287E49C-8673-4723-9279-501B2E52EDF7}.Release|Any CPU.ActiveCfg = Release|Any CPU
		{4287E49C-8673-4723-9279-501B2E52EDF7}.Release|Any CPU.Build.0 = Release|Any CPU
		{4C62154E-C4E7-4580-96B3-2D14C8902CDB}.Debug|Any CPU.ActiveCfg = Debug|Any CPU
		{4C62154E-C4E7-4580-96B3-2D14C8902CDB}.Debug|Any CPU.Build.0 = Debug|Any CPU
		{4C62154E-C4E7-4580-96B3-2D14C8902CDB}.Release|Any CPU.ActiveCfg = Release|Any CPU
		{4C62154E-C4E7-4580-96B3-2D14C8902CDB}.Release|Any CPU.Build.0 = Release|Any CPU
		{01904B74-F3A9-4CB1-80A2-F8E24F5520FE}.Debug|Any CPU.ActiveCfg = Debug|Any CPU
		{01904B74-F3A9-4CB1-80A2-F8E24F5520FE}.Debug|Any CPU.Build.0 = Debug|Any CPU
		{01904B74-F3A9-4CB1-80A2-F8E24F5520FE}.Release|Any CPU.ActiveCfg = Release|Any CPU
		{01904B74-F3A9-4CB1-80A2-F8E24F5520FE}.Release|Any CPU.Build.0 = Release|Any CPU
		{1436540B-3EDD-40E1-8325-1D5E07505900}.Debug|Any CPU.ActiveCfg = Debug|Any CPU
		{1436540B-3EDD-40E1-8325-1D5E07505900}.Debug|Any CPU.Build.0 = Debug|Any CPU
		{1436540B-3EDD-40E1-8325-1D5E07505900}.Release|Any CPU.ActiveCfg = Release|Any CPU
		{1436540B-3EDD-40E1-8325-1D5E07505900}.Release|Any CPU.Build.0 = Release|Any CPU
		{46DEF1AE-C3BE-4023-83D2-16C1C46AA9E0}.Debug|Any CPU.ActiveCfg = Debug|Any CPU
		{46DEF1AE-C3BE-4023-83D2-16C1C46AA9E0}.Debug|Any CPU.Build.0 = Debug|Any CPU
		{46DEF1AE-C3BE-4023-83D2-16C1C46AA9E0}.Release|Any CPU.ActiveCfg = Release|Any CPU
		{46DEF1AE-C3BE-4023-83D2-16C1C46AA9E0}.Release|Any CPU.Build.0 = Release|Any CPU
		{843C35B5-A918-44CE-B90E-71A276A7F98A}.Debug|Any CPU.ActiveCfg = Debug|Any CPU
		{843C35B5-A918-44CE-B90E-71A276A7F98A}.Debug|Any CPU.Build.0 = Debug|Any CPU
		{843C35B5-A918-44CE-B90E-71A276A7F98A}.Release|Any CPU.ActiveCfg = Release|Any CPU
		{843C35B5-A918-44CE-B90E-71A276A7F98A}.Release|Any CPU.Build.0 = Release|Any CPU
		{0DFAE5AF-F49F-4004-BB7A-BA79D5588539}.Debug|Any CPU.ActiveCfg = Debug|Any CPU
		{0DFAE5AF-F49F-4004-BB7A-BA79D5588539}.Debug|Any CPU.Build.0 = Debug|Any CPU
		{0DFAE5AF-F49F-4004-BB7A-BA79D5588539}.Release|Any CPU.ActiveCfg = Release|Any CPU
		{0DFAE5AF-F49F-4004-BB7A-BA79D5588539}.Release|Any CPU.Build.0 = Release|Any CPU
	EndGlobalSection
	GlobalSection(SolutionProperties) = preSolution
		HideSolutionNode = FALSE
	EndGlobalSection
	GlobalSection(NestedProjects) = preSolution
		{0CCAB98E-FCBB-4922-A15F-CC67857B078F} = {634E47BA-8440-4E01-9898-8E55F17937AC}
		{D1A47A5C-A0CE-4DF8-950A-580BB79B2E30} = {634E47BA-8440-4E01-9898-8E55F17937AC}
		{A08F6347-E954-4BD8-9FDB-D1EDA5295EE2} = {634E47BA-8440-4E01-9898-8E55F17937AC}
		{C9044D9B-8666-42A1-930B-BB7F6CB97BC1} = {634E47BA-8440-4E01-9898-8E55F17937AC}
		{E51B6994-4AC8-4522-9BD2-E789A5D84D07} = {634E47BA-8440-4E01-9898-8E55F17937AC}
		{4287E49C-8673-4723-9279-501B2E52EDF7} = {634E47BA-8440-4E01-9898-8E55F17937AC}
		{4C62154E-C4E7-4580-96B3-2D14C8902CDB} = {634E47BA-8440-4E01-9898-8E55F17937AC}
		{01904B74-F3A9-4CB1-80A2-F8E24F5520FE} = {634E47BA-8440-4E01-9898-8E55F17937AC}
		{1436540B-3EDD-40E1-8325-1D5E07505900} = {70B829FE-990A-4639-A227-87AA8986F3FB}
		{46DEF1AE-C3BE-4023-83D2-16C1C46AA9E0} = {70B829FE-990A-4639-A227-87AA8986F3FB}
		{843C35B5-A918-44CE-B90E-71A276A7F98A} = {70B829FE-990A-4639-A227-87AA8986F3FB}
		{0DFAE5AF-F49F-4004-BB7A-BA79D5588539} = {70B829FE-990A-4639-A227-87AA8986F3FB}
	EndGlobalSection
	GlobalSection(ExtensibilityGlobals) = postSolution
		SolutionGuid = {44774889-98AB-4174-BE3A-75A6AA229337}
	EndGlobalSection
EndGlobal
